{
  "originHash" : "50c79587c2bb0145dfc95991319349df406f1483c4b9f44dd85e5e850e5fe383",
  "pins" : [
    {
      "identity" : "idity-ios",
      "kind" : "remoteSourceControl",
      "location" : "https://github.com/beinmobiles/IDity-iOS.git",
      "state" : {
        "revision" : "69d3c7dd9f54c22be2b42912c17e110774a63b12",
        "version" : "1.0.8"
      }
    }
  ],
  "version" : 3
}
